// !$*UTF8*$!
{
	archiveVersion = 1;
	classes = {
	};
	objectVersion = 46;
	objects = {

/* Begin PBXBuildFile section */
		92C120EB1C2998520044A895 /* AppDelegate.swift in Sources */ = {isa = PBXBuildFile; fileRef = 92C120EA1C2998520044A895 /* AppDelegate.swift */; };
		92C120ED1C2998520044A895 /* ViewController.swift in Sources */ = {isa = PBXBuildFile; fileRef = 92C120EC1C2998520044A895 /* ViewController.swift */; };
		92C120F01C2998520044A895 /* Main.storyboard in Resources */ = {isa = PBXBuildFile; fileRef = 92C120EE1C2998520044A895 /* Main.storyboard */; };
		92C120F21C2998520044A895 /* Assets.xcassets in Resources */ = {isa = PBXBuildFile; fileRef = 92C120F11C2998520044A895 /* Assets.xcassets */; };
		92C120F51C2998520044A895 /* LaunchScreen.storyboard in Resources */ = {isa = PBXBuildFile; fileRef = 92C120F31C2998520044A895 /* LaunchScreen.storyboard */; };
		92C121001C2998520044A895 /* HelloWorldTests.swift in Sources */ = {isa = PBXBuildFile; fileRef = 92C120FF1C2998520044A895 /* HelloWorldTests.swift */; };
		92C1210B1C2998520044A895 /* HelloWorldUITests.swift in Sources */ = {isa = PBXBuildFile; fileRef = 92C1210A1C2998520044A895 /* HelloWorldUITests.swift */; };
/* End PBXBuildFile section */

/* Begin PBXContainerItemProxy section */
		92C120FC1C2998520044A895 /* PBXContainerItemProxy */ = {
			isa = PBXContainerItemProxy;
			containerPortal = 92C120DF1C2998520044A895 /* Project object */;
			proxyType = 1;
			remoteGlobalIDString = 92C120E61C2998520044A895;
			remoteInfo = HelloWorld;
		};
		92C121071C2998520044A895 /* PBXContainerItemProxy */ = {
			isa = PBXContainerItemProxy;
			containerPortal = 92C120DF1C2998520044A895 /* Project object */;
			proxyType = 1;
			remoteGlobalIDString = 92C120E61C2998520044A895;
			remoteInfo = HelloWorld;
		};
/* End PBXContainerItemProxy section */

/* Begin PBXFileReference section */
		92C120E71C2998520044A895 /* HelloWorld.app */ = {isa = PBXFileReference; explicitFileType = wrapper.application; includeInIndex = 0; path = HelloWorld.app; sourceTree = BUILT_PRODUCTS_DIR; };
		92C120EA1C2998520044A895 /* AppDelegate.swift */ = {isa = PBXFileReference; lastKnownFileType = sourcecode.swift; path = AppDelegate.swift; sourceTree = "<group>"; };
		92C120EC1C2998520044A895 /* ViewController.swift */ = {isa = PBXFileReference; lastKnownFileType = sourcecode.swift; path = ViewController.swift; sourceTree = "<group>"; };
		92C120EF1C2998520044A895 /* Base */ = {isa = PBXFileReference; lastKnownFileType = file.storyboard; name = Base; path = Base.lproj/Main.storyboard; sourceTree = "<group>"; };
		92C120F11C2998520044A895 /* Assets.xcassets */ = {isa = PBXFileReference; lastKnownFileType = folder.assetcatalog; path = Assets.xcassets; sourceTree = "<group>"; };
		92C120F41C2998520044A895 /* Base */ = {isa = PBXFileReference; lastKnownFileType = file.storyboard; name = Base; path = Base.lproj/LaunchScreen.storyboard; sourceTree = "<group>"; };
		92C120F61C2998520044A895 /* Info.plist */ = {isa = PBXFileReference; lastKnownFileType = text.plist.xml; path = Info.plist; sourceTree = "<group>"; };
		92C120FB1C2998520044A895 /* HelloWorldTests.xctest */ = {isa = PBXFileReference; explicitFileType = wrapper.cfbundle; includeInIndex = 0; path = HelloWorldTests.xctest; sourceTree = BUILT_PRODUCTS_DIR; };
		92C120FF1C2998520044A895 /* HelloWorldTests.swift */ = {isa = PBXFileReference; lastKnownFileType = sourcecode.swift; path = HelloWorldTests.swift; sourceTree = "<group>"; };
		92C121011C2998520044A895 /* Info.plist */ = {isa = PBXFileReference; lastKnownFileType = text.plist.xml; path = Info.plist; sourceTree = "<group>"; };
		92C121061C2998520044A895 /* HelloWorldUITests.xctest */ = {isa = PBXFileReference; explicitFileType = wrapper.cfbundle; includeInIndex = 0; path = HelloWorldUITests.xctest; sourceTree = BUILT_PRODUCTS_DIR; };
		92C1210A1C2998520044A895 /* HelloWorldUITests.swift */ = {isa = PBXFileReference; lastKnownFileType = sourcecode.swift; path = HelloWorldUITests.swift; sourceTree = "<group>"; };
		92C1210C1C2998520044A895 /* Info.plist */ = {isa = PBXFileReference; lastKnownFileType = text.plist.xml; path = Info.plist; sourceTree = "<group>"; };
/* End PBXFileReference section */

/* Begin PBXFrameworksBuildPhase section */
		92C120E41C2998520044A895 /* Frameworks */ = {
			isa = PBXFrameworksBuildPhase;
			buildActionMask = 2147483647;
			files = (
			);
			runOnlyForDeploymentPostprocessing = 0;
		};
		92C120F81C2998520044A895 /* Frameworks */ = {
			isa = PBXFrameworksBuildPhase;
			buildActionMask = 2147483647;
			files = (
			);
			runOnlyForDeploymentPostprocessing = 0;
		};
		92C121031C2998520044A895 /* Frameworks */ = {
			isa = PBXFrameworksBuildPhase;
			buildActionMask = 2147483647;
			files = (
			);
			runOnlyForDeploymentPostprocessing = 0;
		};
/* End PBXFrameworksBuildPhase section */

/* Begin PBXGroup section */
		92C120DE1C2998520044A895 = {
			isa = PBXGroup;
			children = (
				92C120E91C2998520044A895 /* HelloWorld */,
				92C120FE1C2998520044A895 /* HelloWorldTests */,
				92C121091C2998520044A895 /* HelloWorldUITests */,
				92C120E81C2998520044A895 /* Products */,
			);
			sourceTree = "<group>";
		};
		92C120E81C2998520044A895 /* Products */ = {
			isa = PBXGroup;
			children = (
				92C120E71C2998520044A895 /* HelloWorld.app */,
				92C120FB1C2998520044A895 /* HelloWorldTests.xctest */,
				92C121061C2998520044A895 /* HelloWorldUITests.xctest */,
			);
			name = Products;
			sourceTree = "<group>";
		};
		92C120E91C2998520044A895 /* HelloWorld */ = {
			isa = PBXGroup;
			children = (
				92C120EA1C2998520044A895 /* AppDelegate.swift */,
				92C120EC1C2998520044A895 /* ViewController.swift */,
				92C120EE1C2998520044A895 /* Main.storyboard */,
				92C120F11C2998520044A895 /* Assets.xcassets */,
				92C120F31C2998520044A895 /* LaunchScreen.storyboard */,
				92C120F61C2998520044A895 /* Info.plist */,
			);
			path = HelloWorld;
			sourceTree = "<group>";
		};
		92C120FE1C2998520044A895 /* HelloWorldTests */ = {
			isa = PBXGroup;
			children = (
				92C120FF1C2998520044A895 /* HelloWorldTests.swift */,
				92C121011C2998520044A895 /* Info.plist */,
			);
			path = HelloWorldTests;
			sourceTree = "<group>";
		};
		92C121091C2998520044A895 /* HelloWorldUITests */ = {
			isa = PBXGroup;
			children = (
				92C1210A1C2998520044A895 /* HelloWorldUITests.swift */,
				92C1210C1C2998520044A895 /* Info.plist */,
			);
			path = HelloWorldUITests;
			sourceTree = "<group>";
		};
/* End PBXGroup section */

/* Begin PBXNativeTarget section */
		92C120E61C2998520044A895 /* HelloWorld */ = {
			isa = PBXNativeTarget;
			buildConfigurationList = 92C1210F1C2998520044A895 /* Build configuration list for PBXNativeTarget "HelloWorld" */;
			buildPhases = (
				92C120E31C2998520044A895 /* Sources */,
				92C120E41C2998520044A895 /* Frameworks */,
				92C120E51C2998520044A895 /* Resources */,
			);
			buildRules = (
			);
			dependencies = (
			);
			name = HelloWorld;
			productName = HelloWorld;
			productReference = 92C120E71C2998520044A895 /* HelloWorld.app */;
			productType = "com.apple.product-type.application";
		};
		92C120FA1C2998520044A895 /* HelloWorldTests */ = {
			isa = PBXNativeTarget;
			buildConfigurationList = 92C121121C2998520044A895 /* Build configuration list for PBXNativeTarget "HelloWorldTests" */;
			buildPhases = (
				92C120F71C2998520044A895 /* Sources */,
				92C120F81C2998520044A895 /* Frameworks */,
				92C120F91C2998520044A895 /* Resources */,
			);
			buildRules = (
			);
			dependencies = (
				92C120FD1C2998520044A895 /* PBXTargetDependency */,
			);
			name = HelloWorldTests;
			productName = HelloWorldTests;
			productReference = 92C120FB1C2998520044A895 /* HelloWorldTests.xctest */;
			productType = "com.apple.product-type.bundle.unit-test";
		};
		92C121051C2998520044A895 /* HelloWorldUITests */ = {
			isa = PBXNativeTarget;
			buildConfigurationList = 92C121151C2998520044A895 /* Build configuration list for PBXNativeTarget "HelloWorldUITests" */;
			buildPhases = (
				92C121021C2998520044A895 /* Sources */,
				92C121031C2998520044A895 /* Frameworks */,
				92C121041C2998520044A895 /* Resources */,
			);
			buildRules = (
			);
			dependencies = (
				92C121081C2998520044A895 /* PBXTargetDependency */,
			);
			name = HelloWorldUITests;
			productName = HelloWorldUITests;
			productReference = 92C121061C2998520044A895 /* HelloWorldUITests.xctest */;
			productType = "com.apple.product-type.bundle.ui-testing";
		};
/* End PBXNativeTarget section */

/* Begin PBXProject section */
		92C120DF1C2998520044A895 /* Project object */ = {
			isa = PBXProject;
			attributes = {
				LastSwiftUpdateCheck = 0720;
				LastUpgradeCheck = 0720;
				ORGANIZATIONNAME = "Hitesh Verma";
				TargetAttributes = {
					92C120E61C2998520044A895 = {
						CreatedOnToolsVersion = 7.2;
					};
					92C120FA1C2998520044A895 = {
						CreatedOnToolsVersion = 7.2;
						TestTargetID = 92C120E61C2998520044A895;
					};
					92C121051C2998520044A895 = {
						CreatedOnToolsVersion = 7.2;
						TestTargetID = 92C120E61C2998520044A895;
					};
				};
			};
			buildConfigurationList = 92C120E21C2998520044A895 /* Build configuration list for PBXProject "HelloWorld" */;
			compatibilityVersion = "Xcode 3.2";
			developmentRegion = English;
			hasScannedForEncodings = 0;
			knownRegions = (
				en,
				Base,
			);
			mainGroup = 92C120DE1C2998520044A895;
			productRefGroup = 92C120E81C2998520044A895 /* Products */;
			projectDirPath = "";
			projectRoot = "";
			targets = (
				92C120E61C2998520044A895 /* HelloWorld */,
				92C120FA1C2998520044A895 /* HelloWorldTests */,
				92C121051C2998520044A895 /* HelloWorldUITests */,
			);
		};
/* End PBXProject section */

/* Begin PBXResourcesBuildPhase section */
		92C120E51C2998520044A895 /* Resources */ = {
			isa = PBXResourcesBuildPhase;
			buildActionMask = 2147483647;
			files = (
				92C120F51C2998520044A895 /* LaunchScreen.storyboard in Resources */,
				92C120F21C2998520044A895 /* Assets.xcassets in Resources */,
				92C120F01C2998520044A895 /* Main.storyboard in Resources */,
			);
			runOnlyForDeploymentPostprocessing = 0;
		};
		92C120F91C2998520044A895 /* Resources */ = {
			isa = PBXResourcesBuildPhase;
			buildActionMask = 2147483647;
			files = (
			);
			runOnlyForDeploymentPostprocessing = 0;
		};
		92C121041C2998520044A895 /* Resources */ = {
			isa = PBXResourcesBuildPhase;
			buildActionMask = 2147483647;
			files = (
			);
			runOnlyForDeploymentPostprocessing = 0;
		};
/* End PBXResourcesBuildPhase section */

/* Begin PBXSourcesBuildPhase section */
		92C120E31C2998520044A895 /* Sources */ = {
			isa = PBXSourcesBuildPhase;
			buildActionMask = 2147483647;
			files = (
				92C120ED1C2998520044A895 /* ViewController.swift in Sources */,
				92C120EB1C2998520044A895 /* AppDelegate.swift in Sources */,
			);
			runOnlyForDeploymentPostprocessing = 0;
		};
		92C120F71C2998520044A895 /* Sources */ = {
			isa = PBXSourcesBuildPhase;
			buildActionMask = 2147483647;
			files = (
				92C121001C2998520044A895 /* HelloWorldTests.swift in Sources */,
			);
			runOnlyForDeploymentPostprocessing = 0;
		};
		92C121021C2998520044A895 /* Sources */ = {
			isa = PBXSourcesBuildPhase;
			buildActionMask = 2147483647;
			files = (
				92C1210B1C2998520044A895 /* HelloWorldUITests.swift in Sources */,
			);
			runOnlyForDeploymentPostprocessing = 0;
		};
/* End PBXSourcesBuildPhase section */

/* Begin PBXTargetDependency section */
		92C120FD1C2998520044A895 /* PBXTargetDependency */ = {
			isa = PBXTargetDependency;
			target = 92C120E61C2998520044A895 /* HelloWorld */;
			targetProxy = 92C120FC1C2998520044A895 /* PBXContainerItemProxy */;
		};
		92C121081C2998520044A895 /* PBXTargetDependency */ = {
			isa = PBXTargetDependency;
			target = 92C120E61C2998520044A895 /* HelloWorld */;
			targetProxy = 92C121071C2998520044A895 /* PBXContainerItemProxy */;
		};
/* End PBXTargetDependency section */

/* Begin PBXVariantGroup section */
		92C120EE1C2998520044A895 /* Main.storyboard */ = {
			isa = PBXVariantGroup;
			children = (
				92C120EF1C2998520044A895 /* Base */,
			);
			name = Main.storyboard;
			sourceTree = "<group>";
		};
		92C120F31C2998520044A895 /* LaunchScreen.storyboard */ = {
			isa = PBXVariantGroup;
			children = (
				92C120F41C2998520044A895 /* Base */,
			);
			name = LaunchScreen.storyboard;
			sourceTree = "<group>";
		};
/* End PBXVariantGroup section */

/* Begin XCBuildConfiguration section */
		92C1210D1C2998520044A895 /* Debug */ = {
			isa = XCBuildConfiguration;
			buildSettings = {
				ALWAYS_SEARCH_USER_PATHS = NO;
				CLANG_CXX_LANGUAGE_STANDARD = "gnu++0x";
				CLANG_CXX_LIBRARY = "libc++";
				CLANG_ENABLE_MODULES = YES;
				CLANG_ENABLE_OBJC_ARC = YES;
				CLANG_WARN_BOOL_CONVERSION = YES;
				CLANG_WARN_CONSTANT_CONVERSION = YES;
				CLANG_WARN_DIRECT_OBJC_ISA_USAGE = YES_ERROR;
				CLANG_WARN_EMPTY_BODY = YES;
				CLANG_WARN_ENUM_CONVERSION = YES;
				CLANG_WARN_INT_CONVERSION = YES;
				CLANG_WARN_OBJC_ROOT_CLASS = YES_ERROR;
				CLANG_WARN_UNREACHABLE_CODE = YES;
				CLANG_WARN__DUPLICATE_METHOD_MATCH = YES;
				"CODE_SIGN_IDENTITY[sdk=iphoneos*]" = "iPhone Developer";
				COPY_PHASE_STRIP = NO;
				DEBUG_INFORMATION_FORMAT = dwarf;
				ENABLE_STRICT_OBJC_MSGSEND = YES;
				ENABLE_TESTABILITY = YES;
				GCC_C_LANGUAGE_STANDARD = gnu99;
				GCC_DYNAMIC_NO_PIC = NO;
				GCC_NO_COMMON_BLOCKS = YES;
				GCC_OPTIMIZATION_LEVEL = 0;
				GCC_PREPROCESSOR_DEFINITIONS = (
					"DEBUG=1",
					"$(inherited)",
				);
				GCC_WARN_64_TO_32_BIT_CONVERSION = YES;
				GCC_WARN_ABOUT_RETURN_TYPE = YES_ERROR;
				GCC_WARN_UNDECLARED_SELECTOR = YES;
				GCC_WARN_UNINITIALIZED_AUTOS = YES_AGGRESSIVE;
				GCC_WARN_UNUSED_FUNCTION = YES;
				GCC_WARN_UNUSED_VARIABLE = YES;
				IPHONEOS_DEPLOYMENT_TARGET = 9.2;
				MTL_ENABLE_DEBUG_INFO = YES;
				ONLY_ACTIVE_ARCH = YES;
				SDKROOT = iphoneos;
				SWIFT_OPTIMIZATION_LEVEL = "-Onone";
			};
			name = Debug;
		};
		92C1210E1C2998520044A895 /* Release */ = {
			isa = XCBuildConfiguration;
			buildSettings = {
				ALWAYS_SEARCH_USER_PATHS = NO;
				CLANG_CXX_LANGUAGE_STANDARD = "gnu++0x";
				CLANG_CXX_LIBRARY = "libc++";
				CLANG_ENABLE_MODULES = YES;
				CLANG_ENABLE_OBJC_ARC = YES;
				CLANG_WARN_BOOL_CONVERSION = YES;
				CLANG_WARN_CONSTANT_CONVERSION = YES;
				CLANG_WARN_DIRECT_OBJC_ISA_USAGE = YES_ERROR;
				CLANG_WARN_EMPTY_BODY = YES;
				CLANG_WARN_ENUM_CONVERSION = YES;
				CLANG_WARN_INT_CONVERSION = YES;
				CLANG_WARN_OBJC_ROOT_CLASS = YES_ERROR;
				CLANG_WARN_UNREACHABLE_CODE = YES;
				CLANG_WARN__DUPLICATE_METHOD_MATCH = YES;
				"CODE_SIGN_IDENTITY[sdk=iphoneos*]" = "iPhone Developer";
				COPY_PHASE_STRIP = NO;
				DEBUG_INFORMATION_FORMAT = "dwarf-with-dsym";
				ENABLE_NS_ASSERTIONS = NO;
				ENABLE_STRICT_OBJC_MSGSEND = YES;
				GCC_C_LANGUAGE_STANDARD = gnu99;
				GCC_NO_COMMON_BLOCKS = YES;
				GCC_WARN_64_TO_32_BIT_CONVERSION = YES;
				GCC_WARN_ABOUT_RETURN_TYPE = YES_ERROR;
				GCC_WARN_UNDECLARED_SELECTOR = YES;
				GCC_WARN_UNINITIALIZED_AUTOS = YES_AGGRESSIVE;
				GCC_WARN_UNUSED_FUNCTION = YES;
				GCC_WARN_UNUSED_VARIABLE = YES;
				IPHONEOS_DEPLOYMENT_TARGET = 9.2;
				MTL_ENABLE_DEBUG_INFO = NO;
				SDKROOT = iphoneos;
				VALIDATE_PRODUCT = YES;
			};
			name = Release;
		};
		92C121101C2998520044A895 /* Debug */ = {
			isa = XCBuildConfiguration;
			buildSettings = {
				ASSETCATALOG_COMPILER_APPICON_NAME = AppIcon;
				INFOPLIST_FILE = HelloWorld/Info.plist;
				LD_RUNPATH_SEARCH_PATHS = "$(inherited) @executable_path/Frameworks";
				PRODUCT_BUNDLE_IDENTIFIER = com.itshiteshverma.HelloWorld;
				PRODUCT_NAME = "$(TARGET_NAME)";
			};
			name = Debug;
		};
		92C121111C2998520044A895 /* Release */ = {
			isa = XCBuildConfiguration;
			buildSettings = {
				ASSETCATALOG_COMPILER_APPICON_NAME = AppIcon;
				INFOPLIST_FILE = HelloWorld/Info.plist;
				LD_RUNPATH_SEARCH_PATHS = "$(inherited) @executable_path/Frameworks";
				PRODUCT_BUNDLE_IDENTIFIER = com.itshiteshverma.HelloWorld;
				PRODUCT_NAME = "$(TARGET_NAME)";
			};
			name = Release;
		};
		92C121131C2998520044A895 /* Debug */ = {
			isa = XCBuildConfiguration;
			buildSettings = {
				BUNDLE_LOADER = "$(TEST_HOST)";
				INFOPLIST_FILE = HelloWorldTests/Info.plist;
				LD_RUNPATH_SEARCH_PATHS = "$(inherited) @executable_path/Frameworks @loader_path/Frameworks";
				PRODUCT_BUNDLE_IDENTIFIER = com.itshiteshverma.HelloWorldTests;
				PRODUCT_NAME = "$(TARGET_NAME)";
				TEST_HOST = "$(BUILT_PRODUCTS_DIR)/HelloWorld.app/HelloWorld";
			};
			name = Debug;
		};
		92C121141C2998520044A895 /* Release */ = {
			isa = XCBuildConfiguration;
			buildSettings = {
				BUNDLE_LOADER = "$(TEST_HOST)";
				INFOPLIST_FILE = HelloWorldTests/Info.plist;
				LD_RUNPATH_SEARCH_PATHS = "$(inherited) @executable_path/Frameworks @loader_path/Frameworks";
				PRODUCT_BUNDLE_IDENTIFIER = com.itshiteshverma.HelloWorldTests;
				PRODUCT_NAME = "$(TARGET_NAME)";
				TEST_HOST = "$(BUILT_PRODUCTS_DIR)/HelloWorld.app/HelloWorld";
			};
			name = Release;
		};
		92C121161C2998520044A895 /* Debug */ = {
			isa = XCBuildConfiguration;
			buildSettings = {
				INFOPLIST_FILE = HelloWorldUITests/Info.plist;
				LD_RUNPATH_SEARCH_PATHS = "$(inherited) @executable_path/Frameworks @loader_path/Frameworks";
				PRODUCT_BUNDLE_IDENTIFIER = com.itshiteshverma.HelloWorldUITests;
				PRODUCT_NAME = "$(TARGET_NAME)";
				TEST_TARGET_NAME = HelloWorld;
				USES_XCTRUNNER = YES;
			};
			name = Debug;
		};
		92C121171C2998520044A895 /* Release */ = {
			isa = XCBuildConfiguration;
			buildSettings = {
				INFOPLIST_FILE = HelloWorldUITests/Info.plist;
				LD_RUNPATH_SEARCH_PATHS = "$(inherited) @executable_path/Frameworks @loader_path/Frameworks";
				PRODUCT_BUNDLE_IDENTIFIER = com.itshiteshverma.HelloWorldUITests;
				PRODUCT_NAME = "$(TARGET_NAME)";
				TEST_TARGET_NAME = HelloWorld;
				USES_XCTRUNNER = YES;
			};
			name = Release;
		};
/* End XCBuildConfiguration section */

/* Begin XCConfigurationList section */
		92C120E21C2998520044A895 /* Build configuration list for PBXProject "HelloWorld" */ = {
			isa = XCConfigurationList;
			buildConfigurations = (
				92C1210D1C2998520044A895 /* Debug */,
				92C1210E1C2998520044A895 /* Release */,
			);
			defaultConfigurationIsVisible = 0;
			defaultConfigurationName = Release;
		};
		92C1210F1C2998520044A895 /* Build configuration list for PBXNativeTarget "HelloWorld" */ = {
			isa = XCConfigurationList;
			buildConfigurations = (
				92C121101C2998520044A895 /* Debug */,
				92C121111C2998520044A895 /* Release */,
			);
			defaultConfigurationIsVisible = 0;
		};
		92C121121C2998520044A895 /* Build configuration list for PBXNativeTarget "HelloWorldTests" */ = {
			isa = XCConfigurationList;
			buildConfigurations = (
				92C121131C2998520044A895 /* Debug */,
				92C121141C2998520044A895 /* Release */,
			);
			defaultConfigurationIsVisible = 0;
		};
		92C121151C2998520044A895 /* Build configuration list for PBXNativeTarget "HelloWorldUITests" */ = {
			isa = XCConfigurationList;
			buildConfigurations = (
				92C121161C2998520044A895 /* Debug */,
				92C121171C2998520044A895 /* Release */,
			);
			defaultConfigurationIsVisible = 0;
		};
/* End XCConfigurationList section */
	};
	rootObject = 92C120DF1C2998520044A895 /* Project object */;
}
